
Microsoft Visual Studio Solution File, Format Version 12.00
# Visual Studio Version 17
VisualStudioVersion = 17.12.35323.107
MinimumVisualStudioVersion = 10.0.40219.1
Project("{FAE04EC0-301F-11D3-BF4B-00C04F79EFBC}") = "TappUploadDei", "TappUploadDei.csproj", "{55C1FF31-DD2B-4CE1-AA29-E007479B7DB4}"
EndProject
Global
	GlobalSection(SolutionConfigurationPlatforms) = preSolution
		Debug|Any CPU = Debug|Any CPU
		Release|Any CPU = Release|Any CPU
	EndGlobalSection
	GlobalSection(ProjectConfigurationPlatforms) = postSolution
		{55C1FF31-DD2B-4CE1-AA29-E007479B7DB4}.Debug|Any CPU.ActiveCfg = Debug|Any CPU
		{55C1FF31-DD2B-4CE1-AA29-E007479B7DB4}.Debug|Any CPU.Build.0 = Debug|Any CPU
		{55C1FF31-DD2B-4CE1-AA29-E007479B7DB4}.Release|Any CPU.ActiveCfg = Release|Any CPU
		{55C1FF31-DD2B-4CE1-AA29-E007479B7DB4}.Release|Any CPU.Build.0 = Release|Any CPU
	EndGlobalSection
	GlobalSection(SolutionProperties) = preSolution
		HideSolutionNode = FALSE
	EndGlobalSection
	GlobalSection(ExtensibilityGlobals) = postSolution
		SolutionGuid = {831398FB-B846-488C-964F-FE9E17A1D016}
	EndGlobalSection
EndGlobal
